<?xml version="1.0" encoding="utf-8"?>
<Project ToolsVersion="4.0" xmlns="http://schemas.microsoft.com/developer/msbuild/2003">
  <ItemGroup>
    <Filter Include="Source Files">
      <UniqueIdentifier>{4FC737F1-C7A5-4376-A066-2A32D752A2FF}</UniqueIdentifier>
      <Extensions>cpp;c;cc;cxx;def;odl;idl;hpj;bat;asm;asmx</Extensions>
    </Filter>
    <Filter Include="Header Files">
      <UniqueIdentifier>{93995380-89BD-4b04-88EB-625FBE52EBFB}</UniqueIdentifier>
      <Extensions>h;hh;hpp;hxx;hm;inl;inc;ipp;xsd</Extensions>
    </Filter>
    <Filter Include="Resource Files">
      <UniqueIdentifier>{67DA6AB6-F800-4c08-8B7A-83BB121AAD01}</UniqueIdentifier>
      <Extensions>rc;ico;cur;bmp;dlg;rc2;rct;bin;rgs;gif;jpg;jpeg;jpe;resx;tiff;tif;png;wav;mfcribbon-ms</Extensions>
    </Filter>
  </ItemGroup>
  <ItemGroup>
    <ClCompile Include="PoissonSolver.cpp">
      <Filter>Source Files</Filter>
    </ClCompile>
    <ClCompile Include="DFTAtomApp.cpp">
      <Filter>Source Files</Filter>
    </ClCompile>
    <ClCompile Include="DFTAtomFrame.cpp">
      <Filter>Source Files</Filter>
    </ClCompile>
    <ClCompile Include="Options.cpp">
      <Filter>Source Files</Filter>
    </ClCompile>
    <ClCompile Include="OptionsFrame.cpp">
      <Filter>Source Files</Filter>
    </ClCompile>
    <ClCompile Include="DFTAtom.cpp">
      <Filter>Source Files</Filter>
    </ClCompile>
  </ItemGroup>
  <ItemGroup>
    <ClInclude Include="PoissonSolver.h">
      <Filter>Header Files</Filter>
    </ClInclude>
    <ClInclude Include="VWNExcCor.h">
      <Filter>Header Files</Filter>
    </ClInclude>
    <ClInclude Include="Integral.h">
      <Filter>Header Files</Filter>
    </ClInclude>
    <ClInclude Include="Numerov.h">
      <Filter>Header Files</Filter>
    </ClInclude>
    <ClInclude Include="AufbauPrinciple.h">
      <Filter>Header Files</Filter>
    </ClInclude>
    <ClInclude Include="DFTAtomApp.h">
      <Filter>Header Files</Filter>
    </ClInclude>
    <ClInclude Include="DFTAtomFrame.h">
      <Filter>Header Files</Filter>
    </ClInclude>
    <ClInclude Include="Options.h">
      <Filter>Header Files</Filter>
    </ClInclude>
    <ClInclude Include="OptionsFrame.h">
      <Filter>Header Files</Filter>
    </ClInclude>
    <ClInclude Include="DFTAtom.h">
      <Filter>Header Files</Filter>
    </ClInclude>
    <ClInclude Include="ExcCor.h">
      <Filter>Header Files</Filter>
    </ClInclude>
  </ItemGroup>
</Project>